
Microsoft Visual Studio Solution File, Format Version 12.00
# Visual Studio Version 17
VisualStudioVersion = 17.1.32228.430
MinimumVisualStudioVersion = 10.0.40219.1
Project("{FAE04EC0-301F-11D3-BF4B-00C04F79EFBC}") = "6_AtribuicoesDeVariaveis", "6_AtribuicoesDeVariaveis\6_AtribuicoesDeVariaveis.csproj", "{2C1DC4B1-9C52-41C1-8347-86614B4BAF89}"
EndProject
Global
	GlobalSection(SolutionConfigurationPlatforms) = preSolution
		Debug|Any CPU = Debug|Any CPU
		Release|Any CPU = Release|Any CPU
	EndGlobalSection
	GlobalSection(ProjectConfigurationPlatforms) = postSolution
		{2C1DC4B1-9C52-41C1-8347-86614B4BAF89}.Debug|Any CPU.ActiveCfg = Debug|Any CPU
		{2C1DC4B1-9C52-41C1-8347-86614B4BAF89}.Debug|Any CPU.Build.0 = Debug|Any CPU
		{2C1DC4B1-9C52-41C1-8347-86614B4BAF89}.Release|Any CPU.ActiveCfg = Release|Any CPU
		{2C1DC4B1-9C52-41C1-8347-86614B4BAF89}.Release|Any CPU.Build.0 = Release|Any CPU
	EndGlobalSection
	GlobalSection(SolutionProperties) = preSolution
		HideSolutionNode = FALSE
	EndGlobalSection
	GlobalSection(ExtensibilityGlobals) = postSolution
		SolutionGuid = {6C2FE536-A34C-42CE-9CE9-435F67121987}
	EndGlobalSection
EndGlobal
